PODS:
  - Fuzi (2.0.1)
  - PromiseKit (6.2.5):
    - PromiseKit/CorePromise (= 6.2.5)
    - PromiseKit/Foundation (= 6.2.5)
    - PromiseKit/UIKit (= 6.2.5)
  - PromiseKit/CorePromise (6.2.5)
  - PromiseKit/Foundation (6.2.5):
    - PromiseKit/CorePromise
  - PromiseKit/UIKit (6.2.5):
    - PromiseKit/CorePromise

DEPENDENCIES:
  - Fuzi (= 2.0.1)
  - PromiseKit

SPEC REPOS:
  https://github.com/CocoaPods/Specs.git:
    - Fuzi
    - PromiseKit

SPEC CHECKSUMS:
  Fuzi: f64983dea705491d3aedd32351247a09523e7efd
  PromiseKit: a26828b0a8d5874960dfdb575b57a70790ec36f1

PODFILE CHECKSUM: 09a9c6c7128b354147e84801799fcd51aff94078

COCOAPODS: 1.5.0
