// !$*UTF8*$!
{
	archiveVersion = 1;
	classes = {
	};
	objectVersion = 46;
	objects = {

/* Begin PBXBuildFile section */
		B41BC033209F05B300B1888C /* FetchInfo.swift in Sources */ = {isa = PBXBuildFile; fileRef = B41BC032209F05B300B1888C /* FetchInfo.swift */; };
		B441503C2099C5D800DC73F9 /* LibrarySite.swift in Sources */ = {isa = PBXBuildFile; fileRef = B441503B2099C5D800DC73F9 /* LibrarySite.swift */; };
		B44FF1712069158C00C274C4 /* DataType.swift in Sources */ = {isa = PBXBuildFile; fileRef = B44FF1702069158C00C274C4 /* DataType.swift */; };
		B48AD34020524CC200EC0D5E /* DES.swift in Sources */ = {isa = PBXBuildFile; fileRef = B48AD33F20524CC200EC0D5E /* DES.swift */; };
		B4A97391209DF1A200152F67 /* Login.swift in Sources */ = {isa = PBXBuildFile; fileRef = B4A97390209DF19900152F67 /* Login.swift */; };
		B4B70E7F1F0A211800174471 /* AppDelegate.swift in Sources */ = {isa = PBXBuildFile; fileRef = B4B70E7E1F0A211800174471 /* AppDelegate.swift */; };
		B4B70E811F0A211800174471 /* ViewController.swift in Sources */ = {isa = PBXBuildFile; fileRef = B4B70E801F0A211800174471 /* ViewController.swift */; };
		B4B70E841F0A211800174471 /* Main.storyboard in Resources */ = {isa = PBXBuildFile; fileRef = B4B70E821F0A211800174471 /* Main.storyboard */; };
		B4B70E861F0A211800174471 /* Assets.xcassets in Resources */ = {isa = PBXBuildFile; fileRef = B4B70E851F0A211800174471 /* Assets.xcassets */; };
		B4B70E891F0A211800174471 /* LaunchScreen.storyboard in Resources */ = {isa = PBXBuildFile; fileRef = B4B70E871F0A211800174471 /* LaunchScreen.storyboard */; };
		B4B70E911F0A25A500174471 /* DUTInfo.swift in Sources */ = {isa = PBXBuildFile; fileRef = B4B70E901F0A25A500174471 /* DUTInfo.swift */; };
		B4C9D9371F7A219100717A4E /* PortalSite.swift in Sources */ = {isa = PBXBuildFile; fileRef = B4C9D9311F7A219100717A4E /* PortalSite.swift */; };
		B4C9D93A1F7A219100717A4E /* TeachSite.swift in Sources */ = {isa = PBXBuildFile; fileRef = B4C9D9341F7A219100717A4E /* TeachSite.swift */; };
		EC9FDA04D3C031D3A396BB4B /* Pods_DUTInfoDemo.framework in Frameworks */ = {isa = PBXBuildFile; fileRef = 5B8B37D0AEFB396AF7F66683 /* Pods_DUTInfoDemo.framework */; };
/* End PBXBuildFile section */

/* Begin PBXFileReference section */
		53068DE3B8CC38C3067FE8FC /* Pods-DUTInfoDemo.release.xcconfig */ = {isa = PBXFileReference; includeInIndex = 1; lastKnownFileType = text.xcconfig; name = "Pods-DUTInfoDemo.release.xcconfig"; path = "Pods/Target Support Files/Pods-DUTInfoDemo/Pods-DUTInfoDemo.release.xcconfig"; sourceTree = "<group>"; };
		5B8B37D0AEFB396AF7F66683 /* Pods_DUTInfoDemo.framework */ = {isa = PBXFileReference; explicitFileType = wrapper.framework; includeInIndex = 0; path = Pods_DUTInfoDemo.framework; sourceTree = BUILT_PRODUCTS_DIR; };
		A5D46B1C1E1522AF3B003588 /* Pods-DUTInfoDemo.debug.xcconfig */ = {isa = PBXFileReference; includeInIndex = 1; lastKnownFileType = text.xcconfig; name = "Pods-DUTInfoDemo.debug.xcconfig"; path = "Pods/Target Support Files/Pods-DUTInfoDemo/Pods-DUTInfoDemo.debug.xcconfig"; sourceTree = "<group>"; };
		B41BC032209F05B300B1888C /* FetchInfo.swift */ = {isa = PBXFileReference; lastKnownFileType = sourcecode.swift; path = FetchInfo.swift; sourceTree = "<group>"; };
		B441503B2099C5D800DC73F9 /* LibrarySite.swift */ = {isa = PBXFileReference; lastKnownFileType = sourcecode.swift; path = LibrarySite.swift; sourceTree = "<group>"; };
		B44FF1702069158C00C274C4 /* DataType.swift */ = {isa = PBXFileReference; lastKnownFileType = sourcecode.swift; path = DataType.swift; sourceTree = "<group>"; };
		B48AD33F20524CC200EC0D5E /* DES.swift */ = {isa = PBXFileReference; lastKnownFileType = sourcecode.swift; path = DES.swift; sourceTree = "<group>"; };
		B4A97390209DF19900152F67 /* Login.swift */ = {isa = PBXFileReference; lastKnownFileType = sourcecode.swift; path = Login.swift; sourceTree = "<group>"; };
		B4B70E7B1F0A211800174471 /* DUTInfoDemo.app */ = {isa = PBXFileReference; explicitFileType = wrapper.application; includeInIndex = 0; path = DUTInfoDemo.app; sourceTree = BUILT_PRODUCTS_DIR; };
		B4B70E7E1F0A211800174471 /* AppDelegate.swift */ = {isa = PBXFileReference; lastKnownFileType = sourcecode.swift; path = AppDelegate.swift; sourceTree = "<group>"; };
		B4B70E801F0A211800174471 /* ViewController.swift */ = {isa = PBXFileReference; lastKnownFileType = sourcecode.swift; path = ViewController.swift; sourceTree = "<group>"; };
		B4B70E831F0A211800174471 /* Base */ = {isa = PBXFileReference; lastKnownFileType = file.storyboard; name = Base; path = Base.lproj/Main.storyboard; sourceTree = "<group>"; };
		B4B70E851F0A211800174471 /* Assets.xcassets */ = {isa = PBXFileReference; lastKnownFileType = folder.assetcatalog; path = Assets.xcassets; sourceTree = "<group>"; };
		B4B70E881F0A211800174471 /* Base */ = {isa = PBXFileReference; lastKnownFileType = file.storyboard; name = Base; path = Base.lproj/LaunchScreen.storyboard; sourceTree = "<group>"; };
		B4B70E8A1F0A211800174471 /* Info.plist */ = {isa = PBXFileReference; lastKnownFileType = text.plist.xml; path = Info.plist; sourceTree = "<group>"; };
		B4B70E901F0A25A500174471 /* DUTInfo.swift */ = {isa = PBXFileReference; fileEncoding = 4; lastKnownFileType = sourcecode.swift; path = DUTInfo.swift; sourceTree = "<group>"; };
		B4C9D9311F7A219100717A4E /* PortalSite.swift */ = {isa = PBXFileReference; fileEncoding = 4; lastKnownFileType = sourcecode.swift; path = PortalSite.swift; sourceTree = "<group>"; };
		B4C9D9341F7A219100717A4E /* TeachSite.swift */ = {isa = PBXFileReference; fileEncoding = 4; lastKnownFileType = sourcecode.swift; path = TeachSite.swift; sourceTree = "<group>"; };
/* End PBXFileReference section */

/* Begin PBXFrameworksBuildPhase section */
		B4B70E781F0A211800174471 /* Frameworks */ = {
			isa = PBXFrameworksBuildPhase;
			buildActionMask = 2147483647;
			files = (
				EC9FDA04D3C031D3A396BB4B /* Pods_DUTInfoDemo.framework in Frameworks */,
			);
			runOnlyForDeploymentPostprocessing = 0;
		};
/* End PBXFrameworksBuildPhase section */

/* Begin PBXGroup section */
		09F646B30F66F32B3C0C3039 /* Frameworks */ = {
			isa = PBXGroup;
			children = (
				5B8B37D0AEFB396AF7F66683 /* Pods_DUTInfoDemo.framework */,
			);
			name = Frameworks;
			sourceTree = "<group>";
		};
		A0A89192FEA412FEAA93532A /* Pods */ = {
			isa = PBXGroup;
			children = (
				A5D46B1C1E1522AF3B003588 /* Pods-DUTInfoDemo.debug.xcconfig */,
				53068DE3B8CC38C3067FE8FC /* Pods-DUTInfoDemo.release.xcconfig */,
			);
			name = Pods;
			sourceTree = "<group>";
		};
		B4B70E721F0A211800174471 = {
			isa = PBXGroup;
			children = (
				B4C9D93C1F7A21A700717A4E /* DUTInfoCore */,
				B4B70E7D1F0A211800174471 /* DUTInfoDemo */,
				B4B70E7C1F0A211800174471 /* Products */,
				A0A89192FEA412FEAA93532A /* Pods */,
				09F646B30F66F32B3C0C3039 /* Frameworks */,
			);
			sourceTree = "<group>";
		};
		B4B70E7C1F0A211800174471 /* Products */ = {
			isa = PBXGroup;
			children = (
				B4B70E7B1F0A211800174471 /* DUTInfoDemo.app */,
			);
			name = Products;
			sourceTree = "<group>";
		};
		B4B70E7D1F0A211800174471 /* DUTInfoDemo */ = {
			isa = PBXGroup;
			children = (
				B4B70E7E1F0A211800174471 /* AppDelegate.swift */,
				B4B70E801F0A211800174471 /* ViewController.swift */,
				B4B70E821F0A211800174471 /* Main.storyboard */,
				B4B70E851F0A211800174471 /* Assets.xcassets */,
				B4B70E871F0A211800174471 /* LaunchScreen.storyboard */,
				B4B70E8A1F0A211800174471 /* Info.plist */,
			);
			path = DUTInfoDemo;
			sourceTree = "<group>";
		};
		B4C9D93C1F7A21A700717A4E /* DUTInfoCore */ = {
			isa = PBXGroup;
			children = (
				B4B70E901F0A25A500174471 /* DUTInfo.swift */,
				B41BC032209F05B300B1888C /* FetchInfo.swift */,
				B44FF1702069158C00C274C4 /* DataType.swift */,
				B4A97390209DF19900152F67 /* Login.swift */,
				B4C9D9311F7A219100717A4E /* PortalSite.swift */,
				B4C9D9341F7A219100717A4E /* TeachSite.swift */,
				B441503B2099C5D800DC73F9 /* LibrarySite.swift */,
				B48AD33F20524CC200EC0D5E /* DES.swift */,
			);
			path = DUTInfoCore;
			sourceTree = "<group>";
		};
/* End PBXGroup section */

/* Begin PBXNativeTarget section */
		B4B70E7A1F0A211800174471 /* DUTInfoDemo */ = {
			isa = PBXNativeTarget;
			buildConfigurationList = B4B70E8D1F0A211800174471 /* Build configuration list for PBXNativeTarget "DUTInfoDemo" */;
			buildPhases = (
				0F65109C6FEE46E6B99AB6A5 /* [CP] Check Pods Manifest.lock */,
				B4B70E771F0A211800174471 /* Sources */,
				B4B70E781F0A211800174471 /* Frameworks */,
				B4B70E791F0A211800174471 /* Resources */,
				EF46593D88B0BED0045E1691 /* [CP] Embed Pods Frameworks */,
			);
			buildRules = (
			);
			dependencies = (
			);
			name = DUTInfoDemo;
			productName = DUTInfomation;
			productReference = B4B70E7B1F0A211800174471 /* DUTInfoDemo.app */;
			productType = "com.apple.product-type.application";
		};
/* End PBXNativeTarget section */

/* Begin PBXProject section */
		B4B70E731F0A211800174471 /* Project object */ = {
			isa = PBXProject;
			attributes = {
				LastSwiftUpdateCheck = 0830;
				LastUpgradeCheck = 0900;
				ORGANIZATIONNAME = shino;
				TargetAttributes = {
					B4B70E7A1F0A211800174471 = {
						CreatedOnToolsVersion = 8.3;
						DevelopmentTeam = R374EG3MSW;
						LastSwiftMigration = 0900;
						ProvisioningStyle = Automatic;
					};
				};
			};
			buildConfigurationList = B4B70E761F0A211800174471 /* Build configuration list for PBXProject "DUTInfo" */;
			compatibilityVersion = "Xcode 3.2";
			developmentRegion = English;
			hasScannedForEncodings = 0;
			knownRegions = (
				en,
				Base,
			);
			mainGroup = B4B70E721F0A211800174471;
			productRefGroup = B4B70E7C1F0A211800174471 /* Products */;
			projectDirPath = "";
			projectRoot = "";
			targets = (
				B4B70E7A1F0A211800174471 /* DUTInfoDemo */,
			);
		};
/* End PBXProject section */

/* Begin PBXResourcesBuildPhase section */
		B4B70E791F0A211800174471 /* Resources */ = {
			isa = PBXResourcesBuildPhase;
			buildActionMask = 2147483647;
			files = (
				B4B70E891F0A211800174471 /* LaunchScreen.storyboard in Resources */,
				B4B70E861F0A211800174471 /* Assets.xcassets in Resources */,
				B4B70E841F0A211800174471 /* Main.storyboard in Resources */,
			);
			runOnlyForDeploymentPostprocessing = 0;
		};
/* End PBXResourcesBuildPhase section */

/* Begin PBXShellScriptBuildPhase section */
		0F65109C6FEE46E6B99AB6A5 /* [CP] Check Pods Manifest.lock */ = {
			isa = PBXShellScriptBuildPhase;
			buildActionMask = 2147483647;
			files = (
			);
			inputPaths = (
				"${PODS_PODFILE_DIR_PATH}/Podfile.lock",
				"${PODS_ROOT}/Manifest.lock",
			);
			name = "[CP] Check Pods Manifest.lock";
			outputPaths = (
				"$(DERIVED_FILE_DIR)/Pods-DUTInfoDemo-checkManifestLockResult.txt",
			);
			runOnlyForDeploymentPostprocessing = 0;
			shellPath = /bin/sh;
			shellScript = "diff \"${PODS_PODFILE_DIR_PATH}/Podfile.lock\" \"${PODS_ROOT}/Manifest.lock\" > /dev/null\nif [ $? != 0 ] ; then\n    # print error to STDERR\n    echo \"error: The sandbox is not in sync with the Podfile.lock. Run 'pod install' or update your CocoaPods installation.\" >&2\n    exit 1\nfi\n# This output is used by Xcode 'outputs' to avoid re-running this script phase.\necho \"SUCCESS\" > \"${SCRIPT_OUTPUT_FILE_0}\"\n";
			showEnvVarsInLog = 0;
		};
		EF46593D88B0BED0045E1691 /* [CP] Embed Pods Frameworks */ = {
			isa = PBXShellScriptBuildPhase;
			buildActionMask = 2147483647;
			files = (
			);
			inputPaths = (
				"${SRCROOT}/Pods/Target Support Files/Pods-DUTInfoDemo/Pods-DUTInfoDemo-frameworks.sh",
				"${BUILT_PRODUCTS_DIR}/Fuzi/Fuzi.framework",
				"${BUILT_PRODUCTS_DIR}/PromiseKit/PromiseKit.framework",
			);
			name = "[CP] Embed Pods Frameworks";
			outputPaths = (
				"${TARGET_BUILD_DIR}/${FRAMEWORKS_FOLDER_PATH}/Fuzi.framework",
				"${TARGET_BUILD_DIR}/${FRAMEWORKS_FOLDER_PATH}/PromiseKit.framework",
			);
			runOnlyForDeploymentPostprocessing = 0;
			shellPath = /bin/sh;
			shellScript = "\"${SRCROOT}/Pods/Target Support Files/Pods-DUTInfoDemo/Pods-DUTInfoDemo-frameworks.sh\"\n";
			showEnvVarsInLog = 0;
		};
/* End PBXShellScriptBuildPhase section */

/* Begin PBXSourcesBuildPhase section */
		B4B70E771F0A211800174471 /* Sources */ = {
			isa = PBXSourcesBuildPhase;
			buildActionMask = 2147483647;
			files = (
				B41BC033209F05B300B1888C /* FetchInfo.swift in Sources */,
				B48AD34020524CC200EC0D5E /* DES.swift in Sources */,
				B4B70E811F0A211800174471 /* ViewController.swift in Sources */,
				B4B70E7F1F0A211800174471 /* AppDelegate.swift in Sources */,
				B44FF1712069158C00C274C4 /* DataType.swift in Sources */,
				B4C9D93A1F7A219100717A4E /* TeachSite.swift in Sources */,
				B4C9D9371F7A219100717A4E /* PortalSite.swift in Sources */,
				B4A97391209DF1A200152F67 /* Login.swift in Sources */,
				B441503C2099C5D800DC73F9 /* LibrarySite.swift in Sources */,
				B4B70E911F0A25A500174471 /* DUTInfo.swift in Sources */,
			);
			runOnlyForDeploymentPostprocessing = 0;
		};
/* End PBXSourcesBuildPhase section */

/* Begin PBXVariantGroup section */
		B4B70E821F0A211800174471 /* Main.storyboard */ = {
			isa = PBXVariantGroup;
			children = (
				B4B70E831F0A211800174471 /* Base */,
			);
			name = Main.storyboard;
			sourceTree = "<group>";
		};
		B4B70E871F0A211800174471 /* LaunchScreen.storyboard */ = {
			isa = PBXVariantGroup;
			children = (
				B4B70E881F0A211800174471 /* Base */,
			);
			name = LaunchScreen.storyboard;
			sourceTree = "<group>";
		};
/* End PBXVariantGroup section */

/* Begin XCBuildConfiguration section */
		B4B70E8B1F0A211800174471 /* Debug */ = {
			isa = XCBuildConfiguration;
			buildSettings = {
				ALWAYS_SEARCH_USER_PATHS = NO;
				CLANG_ANALYZER_NONNULL = YES;
				CLANG_ANALYZER_NUMBER_OBJECT_CONVERSION = YES_AGGRESSIVE;
				CLANG_CXX_LANGUAGE_STANDARD = "gnu++0x";
				CLANG_CXX_LIBRARY = "libc++";
				CLANG_ENABLE_MODULES = YES;
				CLANG_ENABLE_OBJC_ARC = YES;
				CLANG_WARN_BLOCK_CAPTURE_AUTORELEASING = YES;
				CLANG_WARN_BOOL_CONVERSION = YES;
				CLANG_WARN_COMMA = YES;
				CLANG_WARN_CONSTANT_CONVERSION = YES;
				CLANG_WARN_DIRECT_OBJC_ISA_USAGE = YES_ERROR;
				CLANG_WARN_DOCUMENTATION_COMMENTS = YES;
				CLANG_WARN_EMPTY_BODY = YES;
				CLANG_WARN_ENUM_CONVERSION = YES;
				CLANG_WARN_INFINITE_RECURSION = YES;
				CLANG_WARN_INT_CONVERSION = YES;
				CLANG_WARN_NON_LITERAL_NULL_CONVERSION = YES;
				CLANG_WARN_OBJC_LITERAL_CONVERSION = YES;
				CLANG_WARN_OBJC_ROOT_CLASS = YES_ERROR;
				CLANG_WARN_RANGE_LOOP_ANALYSIS = YES;
				CLANG_WARN_STRICT_PROTOTYPES = YES;
				CLANG_WARN_SUSPICIOUS_MOVE = YES;
				CLANG_WARN_UNREACHABLE_CODE = YES;
				CLANG_WARN__DUPLICATE_METHOD_MATCH = YES;
				"CODE_SIGN_IDENTITY[sdk=iphoneos*]" = "iPhone Developer";
				COPY_PHASE_STRIP = NO;
				DEBUG_INFORMATION_FORMAT = dwarf;
				ENABLE_STRICT_OBJC_MSGSEND = YES;
				ENABLE_TESTABILITY = YES;
				GCC_C_LANGUAGE_STANDARD = gnu99;
				GCC_DYNAMIC_NO_PIC = NO;
				GCC_NO_COMMON_BLOCKS = YES;
				GCC_OPTIMIZATION_LEVEL = 0;
				GCC_PREPROCESSOR_DEFINITIONS = (
					"DEBUG=1",
					"$(inherited)",
				);
				GCC_WARN_64_TO_32_BIT_CONVERSION = YES;
				GCC_WARN_ABOUT_RETURN_TYPE = YES_ERROR;
				GCC_WARN_UNDECLARED_SELECTOR = YES;
				GCC_WARN_UNINITIALIZED_AUTOS = YES_AGGRESSIVE;
				GCC_WARN_UNUSED_FUNCTION = YES;
				GCC_WARN_UNUSED_VARIABLE = YES;
				IPHONEOS_DEPLOYMENT_TARGET = 9.0;
				MTL_ENABLE_DEBUG_INFO = YES;
				ONLY_ACTIVE_ARCH = YES;
				SDKROOT = iphoneos;
				SWIFT_ACTIVE_COMPILATION_CONDITIONS = DEBUG;
				SWIFT_OPTIMIZATION_LEVEL = "-Onone";
			};
			name = Debug;
		};
		B4B70E8C1F0A211800174471 /* Release */ = {
			isa = XCBuildConfiguration;
			buildSettings = {
				ALWAYS_SEARCH_USER_PATHS = NO;
				CLANG_ANALYZER_NONNULL = YES;
				CLANG_ANALYZER_NUMBER_OBJECT_CONVERSION = YES_AGGRESSIVE;
				CLANG_CXX_LANGUAGE_STANDARD = "gnu++0x";
				CLANG_CXX_LIBRARY = "libc++";
				CLANG_ENABLE_MODULES = YES;
				CLANG_ENABLE_OBJC_ARC = YES;
				CLANG_WARN_BLOCK_CAPTURE_AUTORELEASING = YES;
				CLANG_WARN_BOOL_CONVERSION = YES;
				CLANG_WARN_COMMA = YES;
				CLANG_WARN_CONSTANT_CONVERSION = YES;
				CLANG_WARN_DIRECT_OBJC_ISA_USAGE = YES_ERROR;
				CLANG_WARN_DOCUMENTATION_COMMENTS = YES;
				CLANG_WARN_EMPTY_BODY = YES;
				CLANG_WARN_ENUM_CONVERSION = YES;
				CLANG_WARN_INFINITE_RECURSION = YES;
				CLANG_WARN_INT_CONVERSION = YES;
				CLANG_WARN_NON_LITERAL_NULL_CONVERSION = YES;
				CLANG_WARN_OBJC_LITERAL_CONVERSION = YES;
				CLANG_WARN_OBJC_ROOT_CLASS = YES_ERROR;
				CLANG_WARN_RANGE_LOOP_ANALYSIS = YES;
				CLANG_WARN_STRICT_PROTOTYPES = YES;
				CLANG_WARN_SUSPICIOUS_MOVE = YES;
				CLANG_WARN_UNREACHABLE_CODE = YES;
				CLANG_WARN__DUPLICATE_METHOD_MATCH = YES;
				"CODE_SIGN_IDENTITY[sdk=iphoneos*]" = "iPhone Developer";
				COPY_PHASE_STRIP = NO;
				DEBUG_INFORMATION_FORMAT = "dwarf-with-dsym";
				ENABLE_NS_ASSERTIONS = NO;
				ENABLE_STRICT_OBJC_MSGSEND = YES;
				GCC_C_LANGUAGE_STANDARD = gnu99;
				GCC_NO_COMMON_BLOCKS = YES;
				GCC_WARN_64_TO_32_BIT_CONVERSION = YES;
				GCC_WARN_ABOUT_RETURN_TYPE = YES_ERROR;
				GCC_WARN_UNDECLARED_SELECTOR = YES;
				GCC_WARN_UNINITIALIZED_AUTOS = YES_AGGRESSIVE;
				GCC_WARN_UNUSED_FUNCTION = YES;
				GCC_WARN_UNUSED_VARIABLE = YES;
				IPHONEOS_DEPLOYMENT_TARGET = 9.0;
				MTL_ENABLE_DEBUG_INFO = NO;
				SDKROOT = iphoneos;
				SWIFT_OPTIMIZATION_LEVEL = "-Owholemodule";
				VALIDATE_PRODUCT = YES;
			};
			name = Release;
		};
		B4B70E8E1F0A211800174471 /* Debug */ = {
			isa = XCBuildConfiguration;
			baseConfigurationReference = A5D46B1C1E1522AF3B003588 /* Pods-DUTInfoDemo.debug.xcconfig */;
			buildSettings = {
				ASSETCATALOG_COMPILER_APPICON_NAME = AppIcon;
				CLANG_ENABLE_MODULES = YES;
				DEVELOPMENT_TEAM = R374EG3MSW;
				INFOPLIST_FILE = DUTInfoDemo/Info.plist;
				IPHONEOS_DEPLOYMENT_TARGET = 9.0;
				LD_RUNPATH_SEARCH_PATHS = "$(inherited) @executable_path/Frameworks";
				PRODUCT_BUNDLE_IDENTIFIER = space.shino.DUTInfo;
				PRODUCT_NAME = "$(TARGET_NAME)";
				SWIFT_OPTIMIZATION_LEVEL = "-Onone";
				SWIFT_SWIFT3_OBJC_INFERENCE = Off;
				SWIFT_VERSION = 4.0;
				TARGETED_DEVICE_FAMILY = "1,2";
			};
			name = Debug;
		};
		B4B70E8F1F0A211800174471 /* Release */ = {
			isa = XCBuildConfiguration;
			baseConfigurationReference = 53068DE3B8CC38C3067FE8FC /* Pods-DUTInfoDemo.release.xcconfig */;
			buildSettings = {
				ASSETCATALOG_COMPILER_APPICON_NAME = AppIcon;
				CLANG_ENABLE_MODULES = YES;
				DEVELOPMENT_TEAM = R374EG3MSW;
				INFOPLIST_FILE = DUTInfoDemo/Info.plist;
				IPHONEOS_DEPLOYMENT_TARGET = 9.0;
				LD_RUNPATH_SEARCH_PATHS = "$(inherited) @executable_path/Frameworks";
				PRODUCT_BUNDLE_IDENTIFIER = space.shino.DUTInfo;
				PRODUCT_NAME = "$(TARGET_NAME)";
				SWIFT_SWIFT3_OBJC_INFERENCE = Off;
				SWIFT_VERSION = 4.0;
				TARGETED_DEVICE_FAMILY = "1,2";
			};
			name = Release;
		};
/* End XCBuildConfiguration section */

/* Begin XCConfigurationList section */
		B4B70E761F0A211800174471 /* Build configuration list for PBXProject "DUTInfo" */ = {
			isa = XCConfigurationList;
			buildConfigurations = (
				B4B70E8B1F0A211800174471 /* Debug */,
				B4B70E8C1F0A211800174471 /* Release */,
			);
			defaultConfigurationIsVisible = 0;
			defaultConfigurationName = Release;
		};
		B4B70E8D1F0A211800174471 /* Build configuration list for PBXNativeTarget "DUTInfoDemo" */ = {
			isa = XCConfigurationList;
			buildConfigurations = (
				B4B70E8E1F0A211800174471 /* Debug */,
				B4B70E8F1F0A211800174471 /* Release */,
			);
			defaultConfigurationIsVisible = 0;
			defaultConfigurationName = Release;
		};
/* End XCConfigurationList section */
	};
	rootObject = B4B70E731F0A211800174471 /* Project object */;
}
